// !$*UTF8*$!
{
	archiveVersion = 1;
	classes = {
	};
	objectVersion = 48;
	objects = {

/* Begin PBXBuildFile section */
		7FDB0292204F754F00C6A0FC /* ViewControllerThree.swift in Sources */ = {isa = PBXBuildFile; fileRef = 7FDB0291204F754F00C6A0FC /* ViewControllerThree.swift */; };
		7FE0CBEB20463ED000F169FB /* SecondViewContrller.swift in Sources */ = {isa = PBXBuildFile; fileRef = 7FE0CBEA20463ED000F169FB /* SecondViewContrller.swift */; };
		7FEB77222028EAA7004142AC /* AppDelegate.swift in Sources */ = {isa = PBXBuildFile; fileRef = 7FEB77212028EAA7004142AC /* AppDelegate.swift */; };
		7FEB77242028EAA7004142AC /* ViewController.swift in Sources */ = {isa = PBXBuildFile; fileRef = 7FEB77232028EAA7004142AC /* ViewController.swift */; };
		7FEB77272028EAA8004142AC /* Main.storyboard in Resources */ = {isa = PBXBuildFile; fileRef = 7FEB77252028EAA8004142AC /* Main.storyboard */; };
		7FEB77292028EAA8004142AC /* Assets.xcassets in Resources */ = {isa = PBXBuildFile; fileRef = 7FEB77282028EAA8004142AC /* Assets.xcassets */; };
		7FEB772C2028EAA8004142AC /* LaunchScreen.storyboard in Resources */ = {isa = PBXBuildFile; fileRef = 7FEB772A2028EAA8004142AC /* LaunchScreen.storyboard */; };
		7FEB77372028EAA8004142AC /* HackwichThreeTests.swift in Sources */ = {isa = PBXBuildFile; fileRef = 7FEB77362028EAA8004142AC /* HackwichThreeTests.swift */; };
		7FEB77422028EAA8004142AC /* HackwichThreeUITests.swift in Sources */ = {isa = PBXBuildFile; fileRef = 7FEB77412028EAA8004142AC /* HackwichThreeUITests.swift */; };
		7FEB77502028F25B004142AC /* ViewControllerTwo.swift in Sources */ = {isa = PBXBuildFile; fileRef = 7FEB774F2028F25B004142AC /* ViewControllerTwo.swift */; };
/* End PBXBuildFile section */

/* Begin PBXContainerItemProxy section */
		7FEB77332028EAA8004142AC /* PBXContainerItemProxy */ = {
			isa = PBXContainerItemProxy;
			containerPortal = 7FEB77162028EAA7004142AC /* Project object */;
			proxyType = 1;
			remoteGlobalIDString = 7FEB771D2028EAA7004142AC;
			remoteInfo = HackwichThree;
		};
		7FEB773E2028EAA8004142AC /* PBXContainerItemProxy */ = {
			isa = PBXContainerItemProxy;
			containerPortal = 7FEB77162028EAA7004142AC /* Project object */;
			proxyType = 1;
			remoteGlobalIDString = 7FEB771D2028EAA7004142AC;
			remoteInfo = HackwichThree;
		};
/* End PBXContainerItemProxy section */

/* Begin PBXFileReference section */
		7FDB0291204F754F00C6A0FC /* ViewControllerThree.swift */ = {isa = PBXFileReference; lastKnownFileType = sourcecode.swift; name = ViewControllerThree.swift; path = HackwichThree/ViewControllerThree.swift; sourceTree = "<group>"; };
		7FE0CBEA20463ED000F169FB /* SecondViewContrller.swift */ = {isa = PBXFileReference; lastKnownFileType = sourcecode.swift; path = SecondViewContrller.swift; sourceTree = "<group>"; };
		7FEB771E2028EAA7004142AC /* HackwichThree.app */ = {isa = PBXFileReference; explicitFileType = wrapper.application; includeInIndex = 0; path = HackwichThree.app; sourceTree = BUILT_PRODUCTS_DIR; };
		7FEB77212028EAA7004142AC /* AppDelegate.swift */ = {isa = PBXFileReference; lastKnownFileType = sourcecode.swift; path = AppDelegate.swift; sourceTree = "<group>"; };
		7FEB77232028EAA7004142AC /* ViewController.swift */ = {isa = PBXFileReference; lastKnownFileType = sourcecode.swift; path = ViewController.swift; sourceTree = "<group>"; };
		7FEB77262028EAA8004142AC /* Base */ = {isa = PBXFileReference; lastKnownFileType = file.storyboard; name = Base; path = Base.lproj/Main.storyboard; sourceTree = "<group>"; };
		7FEB77282028EAA8004142AC /* Assets.xcassets */ = {isa = PBXFileReference; lastKnownFileType = folder.assetcatalog; path = Assets.xcassets; sourceTree = "<group>"; };
		7FEB772B2028EAA8004142AC /* Base */ = {isa = PBXFileReference; lastKnownFileType = file.storyboard; name = Base; path = Base.lproj/LaunchScreen.storyboard; sourceTree = "<group>"; };
		7FEB772D2028EAA8004142AC /* Info.plist */ = {isa = PBXFileReference; lastKnownFileType = text.plist.xml; path = Info.plist; sourceTree = "<group>"; };
		7FEB77322028EAA8004142AC /* HackwichThreeTests.xctest */ = {isa = PBXFileReference; explicitFileType = wrapper.cfbundle; includeInIndex = 0; path = HackwichThreeTests.xctest; sourceTree = BUILT_PRODUCTS_DIR; };
		7FEB77362028EAA8004142AC /* HackwichThreeTests.swift */ = {isa = PBXFileReference; lastKnownFileType = sourcecode.swift; path = HackwichThreeTests.swift; sourceTree = "<group>"; };
		7FEB77382028EAA8004142AC /* Info.plist */ = {isa = PBXFileReference; lastKnownFileType = text.plist.xml; path = Info.plist; sourceTree = "<group>"; };
		7FEB773D2028EAA8004142AC /* HackwichThreeUITests.xctest */ = {isa = PBXFileReference; explicitFileType = wrapper.cfbundle; includeInIndex = 0; path = HackwichThreeUITests.xctest; sourceTree = BUILT_PRODUCTS_DIR; };
		7FEB77412028EAA8004142AC /* HackwichThreeUITests.swift */ = {isa = PBXFileReference; lastKnownFileType = sourcecode.swift; path = HackwichThreeUITests.swift; sourceTree = "<group>"; };
		7FEB77432028EAA8004142AC /* Info.plist */ = {isa = PBXFileReference; lastKnownFileType = text.plist.xml; path = Info.plist; sourceTree = "<group>"; };
		7FEB774F2028F25B004142AC /* ViewControllerTwo.swift */ = {isa = PBXFileReference; lastKnownFileType = sourcecode.swift; path = ViewControllerTwo.swift; sourceTree = "<group>"; };
/* End PBXFileReference section */

/* Begin PBXFrameworksBuildPhase section */
		7FEB771B2028EAA7004142AC /* Frameworks */ = {
			isa = PBXFrameworksBuildPhase;
			buildActionMask = 2147483647;
			files = (
			);
			runOnlyForDeploymentPostprocessing = 0;
		};
		7FEB772F2028EAA8004142AC /* Frameworks */ = {
			isa = PBXFrameworksBuildPhase;
			buildActionMask = 2147483647;
			files = (
			);
			runOnlyForDeploymentPostprocessing = 0;
		};
		7FEB773A2028EAA8004142AC /* Frameworks */ = {
			isa = PBXFrameworksBuildPhase;
			buildActionMask = 2147483647;
			files = (
			);
			runOnlyForDeploymentPostprocessing = 0;
		};
/* End PBXFrameworksBuildPhase section */

/* Begin PBXGroup section */
		7FEB77152028EAA7004142AC = {
			isa = PBXGroup;
			children = (
				7FDB0291204F754F00C6A0FC /* ViewControllerThree.swift */,
				7FEB77202028EAA7004142AC /* HackwichThree */,
				7FEB77352028EAA8004142AC /* HackwichThreeTests */,
				7FEB77402028EAA8004142AC /* HackwichThreeUITests */,
				7FEB771F2028EAA7004142AC /* Products */,
			);
			sourceTree = "<group>";
		};
		7FEB771F2028EAA7004142AC /* Products */ = {
			isa = PBXGroup;
			children = (
				7FEB771E2028EAA7004142AC /* HackwichThree.app */,
				7FEB77322028EAA8004142AC /* HackwichThreeTests.xctest */,
				7FEB773D2028EAA8004142AC /* HackwichThreeUITests.xctest */,
			);
			name = Products;
			sourceTree = "<group>";
		};
		7FEB77202028EAA7004142AC /* HackwichThree */ = {
			isa = PBXGroup;
			children = (
				7FEB77212028EAA7004142AC /* AppDelegate.swift */,
				7FEB77232028EAA7004142AC /* ViewController.swift */,
				7FEB77252028EAA8004142AC /* Main.storyboard */,
				7FE0CBEA20463ED000F169FB /* SecondViewContrller.swift */,
				7FEB774F2028F25B004142AC /* ViewControllerTwo.swift */,
				7FEB77282028EAA8004142AC /* Assets.xcassets */,
				7FEB772A2028EAA8004142AC /* LaunchScreen.storyboard */,
				7FEB772D2028EAA8004142AC /* Info.plist */,
			);
			path = HackwichThree;
			sourceTree = "<group>";
		};
		7FEB77352028EAA8004142AC /* HackwichThreeTests */ = {
			isa = PBXGroup;
			children = (
				7FEB77362028EAA8004142AC /* HackwichThreeTests.swift */,
				7FEB77382028EAA8004142AC /* Info.plist */,
			);
			path = HackwichThreeTests;
			sourceTree = "<group>";
		};
		7FEB77402028EAA8004142AC /* HackwichThreeUITests */ = {
			isa = PBXGroup;
			children = (
				7FEB77412028EAA8004142AC /* HackwichThreeUITests.swift */,
				7FEB77432028EAA8004142AC /* Info.plist */,
			);
			path = HackwichThreeUITests;
			sourceTree = "<group>";
		};
/* End PBXGroup section */

/* Begin PBXNativeTarget section */
		7FEB771D2028EAA7004142AC /* HackwichThree */ = {
			isa = PBXNativeTarget;
			buildConfigurationList = 7FEB77462028EAA8004142AC /* Build configuration list for PBXNativeTarget "HackwichThree" */;
			buildPhases = (
				7FEB771A2028EAA7004142AC /* Sources */,
				7FEB771B2028EAA7004142AC /* Frameworks */,
				7FEB771C2028EAA7004142AC /* Resources */,
			);
			buildRules = (
			);
			dependencies = (
			);
			name = HackwichThree;
			productName = HackwichThree;
			productReference = 7FEB771E2028EAA7004142AC /* HackwichThree.app */;
			productType = "com.apple.product-type.application";
		};
		7FEB77312028EAA8004142AC /* HackwichThreeTests */ = {
			isa = PBXNativeTarget;
			buildConfigurationList = 7FEB77492028EAA8004142AC /* Build configuration list for PBXNativeTarget "HackwichThreeTests" */;
			buildPhases = (
				7FEB772E2028EAA8004142AC /* Sources */,
				7FEB772F2028EAA8004142AC /* Frameworks */,
				7FEB77302028EAA8004142AC /* Resources */,
			);
			buildRules = (
			);
			dependencies = (
				7FEB77342028EAA8004142AC /* PBXTargetDependency */,
			);
			name = HackwichThreeTests;
			productName = HackwichThreeTests;
			productReference = 7FEB77322028EAA8004142AC /* HackwichThreeTests.xctest */;
			productType = "com.apple.product-type.bundle.unit-test";
		};
		7FEB773C2028EAA8004142AC /* HackwichThreeUITests */ = {
			isa = PBXNativeTarget;
			buildConfigurationList = 7FEB774C2028EAA8004142AC /* Build configuration list for PBXNativeTarget "HackwichThreeUITests" */;
			buildPhases = (
				7FEB77392028EAA8004142AC /* Sources */,
				7FEB773A2028EAA8004142AC /* Frameworks */,
				7FEB773B2028EAA8004142AC /* Resources */,
			);
			buildRules = (
			);
			dependencies = (
				7FEB773F2028EAA8004142AC /* PBXTargetDependency */,
			);
			name = HackwichThreeUITests;
			productName = HackwichThreeUITests;
			productReference = 7FEB773D2028EAA8004142AC /* HackwichThreeUITests.xctest */;
			productType = "com.apple.product-type.bundle.ui-testing";
		};
/* End PBXNativeTarget section */

/* Begin PBXProject section */
		7FEB77162028EAA7004142AC /* Project object */ = {
			isa = PBXProject;
			attributes = {
				LastSwiftUpdateCheck = 0920;
				LastUpgradeCheck = 0920;
				ORGANIZATIONNAME = "CM Student";
				TargetAttributes = {
					7FEB771D2028EAA7004142AC = {
						CreatedOnToolsVersion = 9.2;
						ProvisioningStyle = Automatic;
					};
					7FEB77312028EAA8004142AC = {
						CreatedOnToolsVersion = 9.2;
						ProvisioningStyle = Automatic;
						TestTargetID = 7FEB771D2028EAA7004142AC;
					};
					7FEB773C2028EAA8004142AC = {
						CreatedOnToolsVersion = 9.2;
						ProvisioningStyle = Automatic;
						TestTargetID = 7FEB771D2028EAA7004142AC;
					};
				};
			};
			buildConfigurationList = 7FEB77192028EAA7004142AC /* Build configuration list for PBXProject "HackwichThree" */;
			compatibilityVersion = "Xcode 8.0";
			developmentRegion = en;
			hasScannedForEncodings = 0;
			knownRegions = (
				en,
				Base,
			);
			mainGroup = 7FEB77152028EAA7004142AC;
			productRefGroup = 7FEB771F2028EAA7004142AC /* Products */;
			projectDirPath = "";
			projectRoot = "";
			targets = (
				7FEB771D2028EAA7004142AC /* HackwichThree */,
				7FEB77312028EAA8004142AC /* HackwichThreeTests */,
				7FEB773C2028EAA8004142AC /* HackwichThreeUITests */,
			);
		};
/* End PBXProject section */

/* Begin PBXResourcesBuildPhase section */
		7FEB771C2028EAA7004142AC /* Resources */ = {
			isa = PBXResourcesBuildPhase;
			buildActionMask = 2147483647;
			files = (
				7FEB772C2028EAA8004142AC /* LaunchScreen.storyboard in Resources */,
				7FEB77292028EAA8004142AC /* Assets.xcassets in Resources */,
				7FEB77272028EAA8004142AC /* Main.storyboard in Resources */,
			);
			runOnlyForDeploymentPostprocessing = 0;
		};
		7FEB77302028EAA8004142AC /* Resources */ = {
			isa = PBXResourcesBuildPhase;
			buildActionMask = 2147483647;
			files = (
			);
			runOnlyForDeploymentPostprocessing = 0;
		};
		7FEB773B2028EAA8004142AC /* Resources */ = {
			isa = PBXResourcesBuildPhase;
			buildActionMask = 2147483647;
			files = (
			);
			runOnlyForDeploymentPostprocessing = 0;
		};
/* End PBXResourcesBuildPhase section */

/* Begin PBXSourcesBuildPhase section */
		7FEB771A2028EAA7004142AC /* Sources */ = {
			isa = PBXSourcesBuildPhase;
			buildActionMask = 2147483647;
			files = (
				7FDB0292204F754F00C6A0FC /* ViewControllerThree.swift in Sources */,
				7FE0CBEB20463ED000F169FB /* SecondViewContrller.swift in Sources */,
				7FEB77242028EAA7004142AC /* ViewController.swift in Sources */,
				7FEB77222028EAA7004142AC /* AppDelegate.swift in Sources */,
				7FEB77502028F25B004142AC /* ViewControllerTwo.swift in Sources */,
			);
			runOnlyForDeploymentPostprocessing = 0;
		};
		7FEB772E2028EAA8004142AC /* Sources */ = {
			isa = PBXSourcesBuildPhase;
			buildActionMask = 2147483647;
			files = (
				7FEB77372028EAA8004142AC /* HackwichThreeTests.swift in Sources */,
			);
			runOnlyForDeploymentPostprocessing = 0;
		};
		7FEB77392028EAA8004142AC /* Sources */ = {
			isa = PBXSourcesBuildPhase;
			buildActionMask = 2147483647;
			files = (
				7FEB77422028EAA8004142AC /* HackwichThreeUITests.swift in Sources */,
			);
			runOnlyForDeploymentPostprocessing = 0;
		};
/* End PBXSourcesBuildPhase section */

/* Begin PBXTargetDependency section */
		7FEB77342028EAA8004142AC /* PBXTargetDependency */ = {
			isa = PBXTargetDependency;
			target = 7FEB771D2028EAA7004142AC /* HackwichThree */;
			targetProxy = 7FEB77332028EAA8004142AC /* PBXContainerItemProxy */;
		};
		7FEB773F2028EAA8004142AC /* PBXTargetDependency */ = {
			isa = PBXTargetDependency;
			target = 7FEB771D2028EAA7004142AC /* HackwichThree */;
			targetProxy = 7FEB773E2028EAA8004142AC /* PBXContainerItemProxy */;
		};
/* End PBXTargetDependency section */

/* Begin PBXVariantGroup section */
		7FEB77252028EAA8004142AC /* Main.storyboard */ = {
			isa = PBXVariantGroup;
			children = (
				7FEB77262028EAA8004142AC /* Base */,
			);
			name = Main.storyboard;
			sourceTree = "<group>";
		};
		7FEB772A2028EAA8004142AC /* LaunchScreen.storyboard */ = {
			isa = PBXVariantGroup;
			children = (
				7FEB772B2028EAA8004142AC /* Base */,
			);
			name = LaunchScreen.storyboard;
			sourceTree = "<group>";
		};
/* End PBXVariantGroup section */

/* Begin XCBuildConfiguration section */
		7FEB77442028EAA8004142AC /* Debug */ = {
			isa = XCBuildConfiguration;
			buildSettings = {
				ALWAYS_SEARCH_USER_PATHS = NO;
				CLANG_ANALYZER_NONNULL = YES;
				CLANG_ANALYZER_NUMBER_OBJECT_CONVERSION = YES_AGGRESSIVE;
				CLANG_CXX_LANGUAGE_STANDARD = "gnu++14";
				CLANG_CXX_LIBRARY = "libc++";
				CLANG_ENABLE_MODULES = YES;
				CLANG_ENABLE_OBJC_ARC = YES;
				CLANG_WARN_BLOCK_CAPTURE_AUTORELEASING = YES;
				CLANG_WARN_BOOL_CONVERSION = YES;
				CLANG_WARN_COMMA = YES;
				CLANG_WARN_CONSTANT_CONVERSION = YES;
				CLANG_WARN_DIRECT_OBJC_ISA_USAGE = YES_ERROR;
				CLANG_WARN_DOCUMENTATION_COMMENTS = YES;
				CLANG_WARN_EMPTY_BODY = YES;
				CLANG_WARN_ENUM_CONVERSION = YES;
				CLANG_WARN_INFINITE_RECURSION = YES;
				CLANG_WARN_INT_CONVERSION = YES;
				CLANG_WARN_NON_LITERAL_NULL_CONVERSION = YES;
				CLANG_WARN_OBJC_LITERAL_CONVERSION = YES;
				CLANG_WARN_OBJC_ROOT_CLASS = YES_ERROR;
				CLANG_WARN_RANGE_LOOP_ANALYSIS = YES;
				CLANG_WARN_STRICT_PROTOTYPES = YES;
				CLANG_WARN_SUSPICIOUS_MOVE = YES;
				CLANG_WARN_UNGUARDED_AVAILABILITY = YES_AGGRESSIVE;
				CLANG_WARN_UNREACHABLE_CODE = YES;
				CLANG_WARN__DUPLICATE_METHOD_MATCH = YES;
				CODE_SIGN_IDENTITY = "iPhone Developer";
				COPY_PHASE_STRIP = NO;
				DEBUG_INFORMATION_FORMAT = dwarf;
				ENABLE_STRICT_OBJC_MSGSEND = YES;
				ENABLE_TESTABILITY = YES;
				GCC_C_LANGUAGE_STANDARD = gnu11;
				GCC_DYNAMIC_NO_PIC = NO;
				GCC_NO_COMMON_BLOCKS = YES;
				GCC_OPTIMIZATION_LEVEL = 0;
				GCC_PREPROCESSOR_DEFINITIONS = (
					"DEBUG=1",
					"$(inherited)",
				);
				GCC_WARN_64_TO_32_BIT_CONVERSION = YES;
				GCC_WARN_ABOUT_RETURN_TYPE = YES_ERROR;
				GCC_WARN_UNDECLARED_SELECTOR = YES;
				GCC_WARN_UNINITIALIZED_AUTOS = YES_AGGRESSIVE;
				GCC_WARN_UNUSED_FUNCTION = YES;
				GCC_WARN_UNUSED_VARIABLE = YES;
				IPHONEOS_DEPLOYMENT_TARGET = 11.2;
				MTL_ENABLE_DEBUG_INFO = YES;
				ONLY_ACTIVE_ARCH = YES;
				SDKROOT = iphoneos;
				SWIFT_ACTIVE_COMPILATION_CONDITIONS = DEBUG;
				SWIFT_OPTIMIZATION_LEVEL = "-Onone";
			};
			name = Debug;
		};
		7FEB77452028EAA8004142AC /* Release */ = {
			isa = XCBuildConfiguration;
			buildSettings = {
				ALWAYS_SEARCH_USER_PATHS = NO;
				CLANG_ANALYZER_NONNULL = YES;
				CLANG_ANALYZER_NUMBER_OBJECT_CONVERSION = YES_AGGRESSIVE;
				CLANG_CXX_LANGUAGE_STANDARD = "gnu++14";
				CLANG_CXX_LIBRARY = "libc++";
				CLANG_ENABLE_MODULES = YES;
				CLANG_ENABLE_OBJC_ARC = YES;
				CLANG_WARN_BLOCK_CAPTURE_AUTORELEASING = YES;
				CLANG_WARN_BOOL_CONVERSION = YES;
				CLANG_WARN_COMMA = YES;
				CLANG_WARN_CONSTANT_CONVERSION = YES;
				CLANG_WARN_DIRECT_OBJC_ISA_USAGE = YES_ERROR;
				CLANG_WARN_DOCUMENTATION_COMMENTS = YES;
				CLANG_WARN_EMPTY_BODY = YES;
				CLANG_WARN_ENUM_CONVERSION = YES;
				CLANG_WARN_INFINITE_RECURSION = YES;
				CLANG_WARN_INT_CONVERSION = YES;
				CLANG_WARN_NON_LITERAL_NULL_CONVERSION = YES;
				CLANG_WARN_OBJC_LITERAL_CONVERSION = YES;
				CLANG_WARN_OBJC_ROOT_CLASS = YES_ERROR;
				CLANG_WARN_RANGE_LOOP_ANALYSIS = YES;
				CLANG_WARN_STRICT_PROTOTYPES = YES;
				CLANG_WARN_SUSPICIOUS_MOVE = YES;
				CLANG_WARN_UNGUARDED_AVAILABILITY = YES_AGGRESSIVE;
				CLANG_WARN_UNREACHABLE_CODE = YES;
				CLANG_WARN__DUPLICATE_METHOD_MATCH = YES;
				CODE_SIGN_IDENTITY = "iPhone Developer";
				COPY_PHASE_STRIP = NO;
				DEBUG_INFORMATION_FORMAT = "dwarf-with-dsym";
				ENABLE_NS_ASSERTIONS = NO;
				ENABLE_STRICT_OBJC_MSGSEND = YES;
				GCC_C_LANGUAGE_STANDARD = gnu11;
				GCC_NO_COMMON_BLOCKS = YES;
				GCC_WARN_64_TO_32_BIT_CONVERSION = YES;
				GCC_WARN_ABOUT_RETURN_TYPE = YES_ERROR;
				GCC_WARN_UNDECLARED_SELECTOR = YES;
				GCC_WARN_UNINITIALIZED_AUTOS = YES_AGGRESSIVE;
				GCC_WARN_UNUSED_FUNCTION = YES;
				GCC_WARN_UNUSED_VARIABLE = YES;
				IPHONEOS_DEPLOYMENT_TARGET = 11.2;
				MTL_ENABLE_DEBUG_INFO = NO;
				SDKROOT = iphoneos;
				SWIFT_OPTIMIZATION_LEVEL = "-Owholemodule";
				VALIDATE_PRODUCT = YES;
			};
			name = Release;
		};
		7FEB77472028EAA8004142AC /* Debug */ = {
			isa = XCBuildConfiguration;
			buildSettings = {
				ASSETCATALOG_COMPILER_APPICON_NAME = AppIcon;
				CODE_SIGN_STYLE = Automatic;
				INFOPLIST_FILE = HackwichThree/Info.plist;
				LD_RUNPATH_SEARCH_PATHS = "$(inherited) @executable_path/Frameworks";
				PRODUCT_BUNDLE_IDENTIFIER = UHWO.HackwichThree;
				PRODUCT_NAME = "$(TARGET_NAME)";
				SWIFT_VERSION = 4.0;
				TARGETED_DEVICE_FAMILY = "1,2";
			};
			name = Debug;
		};
		7FEB77482028EAA8004142AC /* Release */ = {
			isa = XCBuildConfiguration;
			buildSettings = {
				ASSETCATALOG_COMPILER_APPICON_NAME = AppIcon;
				CODE_SIGN_STYLE = Automatic;
				INFOPLIST_FILE = HackwichThree/Info.plist;
				LD_RUNPATH_SEARCH_PATHS = "$(inherited) @executable_path/Frameworks";
				PRODUCT_BUNDLE_IDENTIFIER = UHWO.HackwichThree;
				PRODUCT_NAME = "$(TARGET_NAME)";
				SWIFT_VERSION = 4.0;
				TARGETED_DEVICE_FAMILY = "1,2";
			};
			name = Release;
		};
		7FEB774A2028EAA8004142AC /* Debug */ = {
			isa = XCBuildConfiguration;
			buildSettings = {
				ALWAYS_EMBED_SWIFT_STANDARD_LIBRARIES = YES;
				BUNDLE_LOADER = "$(TEST_HOST)";
				CODE_SIGN_STYLE = Automatic;
				INFOPLIST_FILE = HackwichThreeTests/Info.plist;
				LD_RUNPATH_SEARCH_PATHS = "$(inherited) @executable_path/Frameworks @loader_path/Frameworks";
				PRODUCT_BUNDLE_IDENTIFIER = UHWO.HackwichThreeTests;
				PRODUCT_NAME = "$(TARGET_NAME)";
				SWIFT_VERSION = 4.0;
				TARGETED_DEVICE_FAMILY = "1,2";
				TEST_HOST = "$(BUILT_PRODUCTS_DIR)/HackwichThree.app/HackwichThree";
			};
			name = Debug;
		};
		7FEB774B2028EAA8004142AC /* Release */ = {
			isa = XCBuildConfiguration;
			buildSettings = {
				ALWAYS_EMBED_SWIFT_STANDARD_LIBRARIES = YES;
				BUNDLE_LOADER = "$(TEST_HOST)";
				CODE_SIGN_STYLE = Automatic;
				INFOPLIST_FILE = HackwichThreeTests/Info.plist;
				LD_RUNPATH_SEARCH_PATHS = "$(inherited) @executable_path/Frameworks @loader_path/Frameworks";
				PRODUCT_BUNDLE_IDENTIFIER = UHWO.HackwichThreeTests;
				PRODUCT_NAME = "$(TARGET_NAME)";
				SWIFT_VERSION = 4.0;
				TARGETED_DEVICE_FAMILY = "1,2";
				TEST_HOST = "$(BUILT_PRODUCTS_DIR)/HackwichThree.app/HackwichThree";
			};
			name = Release;
		};
		7FEB774D2028EAA8004142AC /* Debug */ = {
			isa = XCBuildConfiguration;
			buildSettings = {
				ALWAYS_EMBED_SWIFT_STANDARD_LIBRARIES = YES;
				CODE_SIGN_STYLE = Automatic;
				INFOPLIST_FILE = HackwichThreeUITests/Info.plist;
				LD_RUNPATH_SEARCH_PATHS = "$(inherited) @executable_path/Frameworks @loader_path/Frameworks";
				PRODUCT_BUNDLE_IDENTIFIER = UHWO.HackwichThreeUITests;
				PRODUCT_NAME = "$(TARGET_NAME)";
				SWIFT_VERSION = 4.0;
				TARGETED_DEVICE_FAMILY = "1,2";
				TEST_TARGET_NAME = HackwichThree;
			};
			name = Debug;
		};
		7FEB774E2028EAA8004142AC /* Release */ = {
			isa = XCBuildConfiguration;
			buildSettings = {
				ALWAYS_EMBED_SWIFT_STANDARD_LIBRARIES = YES;
				CODE_SIGN_STYLE = Automatic;
				INFOPLIST_FILE = HackwichThreeUITests/Info.plist;
				LD_RUNPATH_SEARCH_PATHS = "$(inherited) @executable_path/Frameworks @loader_path/Frameworks";
				PRODUCT_BUNDLE_IDENTIFIER = UHWO.HackwichThreeUITests;
				PRODUCT_NAME = "$(TARGET_NAME)";
				SWIFT_VERSION = 4.0;
				TARGETED_DEVICE_FAMILY = "1,2";
				TEST_TARGET_NAME = HackwichThree;
			};
			name = Release;
		};
/* End XCBuildConfiguration section */

/* Begin XCConfigurationList section */
		7FEB77192028EAA7004142AC /* Build configuration list for PBXProject "HackwichThree" */ = {
			isa = XCConfigurationList;
			buildConfigurations = (
				7FEB77442028EAA8004142AC /* Debug */,
				7FEB77452028EAA8004142AC /* Release */,
			);
			defaultConfigurationIsVisible = 0;
			defaultConfigurationName = Release;
		};
		7FEB77462028EAA8004142AC /* Build configuration list for PBXNativeTarget "HackwichThree" */ = {
			isa = XCConfigurationList;
			buildConfigurations = (
				7FEB77472028EAA8004142AC /* Debug */,
				7FEB77482028EAA8004142AC /* Release */,
			);
			defaultConfigurationIsVisible = 0;
			defaultConfigurationName = Release;
		};
		7FEB77492028EAA8004142AC /* Build configuration list for PBXNativeTarget "HackwichThreeTests" */ = {
			isa = XCConfigurationList;
			buildConfigurations = (
				7FEB774A2028EAA8004142AC /* Debug */,
				7FEB774B2028EAA8004142AC /* Release */,
			);
			defaultConfigurationIsVisible = 0;
			defaultConfigurationName = Release;
		};
		7FEB774C2028EAA8004142AC /* Build configuration list for PBXNativeTarget "HackwichThreeUITests" */ = {
			isa = XCConfigurationList;
			buildConfigurations = (
				7FEB774D2028EAA8004142AC /* Debug */,
				7FEB774E2028EAA8004142AC /* Release */,
			);
			defaultConfigurationIsVisible = 0;
			defaultConfigurationName = Release;
		};
/* End XCConfigurationList section */
	};
	rootObject = 7FEB77162028EAA7004142AC /* Project object */;
}
